
Microsoft Visual Studio Solution File, Format Version 12.00
# Visual Studio Version 17
VisualStudioVersion = 17.12.35707.178 d17.12
MinimumVisualStudioVersion = 10.0.40219.1
Project("{FAE04EC0-301F-11D3-BF4B-00C04F79EFBC}") = "Tp1", "Tp1\Tp1.csproj", "{F9812D4A-0703-42A1-A298-0A89E9B46D86}"
EndProject
Project("{FAE04EC0-301F-11D3-BF4B-00C04F79EFBC}") = "Tp2", "Tp2\Tp2.csproj", "{1A8316EA-5F22-4557-ADE6-C5D96307D104}"
EndProject
Global
	GlobalSection(SolutionConfigurationPlatforms) = preSolution
		Debug|Any CPU = Debug|Any CPU
		Release|Any CPU = Release|Any CPU
	EndGlobalSection
	GlobalSection(ProjectConfigurationPlatforms) = postSolution
		{F9812D4A-0703-42A1-A298-0A89E9B46D86}.Debug|Any CPU.ActiveCfg = Debug|Any CPU
		{F9812D4A-0703-42A1-A298-0A89E9B46D86}.Debug|Any CPU.Build.0 = Debug|Any CPU
		{F9812D4A-0703-42A1-A298-0A89E9B46D86}.Release|Any CPU.ActiveCfg = Release|Any CPU
		{F9812D4A-0703-42A1-A298-0A89E9B46D86}.Release|Any CPU.Build.0 = Release|Any CPU
		{1A8316EA-5F22-4557-ADE6-C5D96307D104}.Debug|Any CPU.ActiveCfg = Debug|Any CPU
		{1A8316EA-5F22-4557-ADE6-C5D96307D104}.Debug|Any CPU.Build.0 = Debug|Any CPU
		{1A8316EA-5F22-4557-ADE6-C5D96307D104}.Release|Any CPU.ActiveCfg = Release|Any CPU
		{1A8316EA-5F22-4557-ADE6-C5D96307D104}.Release|Any CPU.Build.0 = Release|Any CPU
	EndGlobalSection
	GlobalSection(SolutionProperties) = preSolution
		HideSolutionNode = FALSE
	EndGlobalSection
EndGlobal
